
Microsoft Visual Studio Solution File, Format Version 12.00
# Visual Studio Version 17
VisualStudioVersion = 17.11.35222.181
MinimumVisualStudioVersion = 10.0.40219.1
Project("{FAE04EC0-301F-11D3-BF4B-00C04F79EFBC}") = "migration", "migration.csproj", "{77A1F1C6-8252-4739-8E56-CB528896647F}"
EndProject
Project("{9A19103F-16F7-4668-BE54-9A1E7A4F7556}") = "synchronize", "..\synchronize\synchronize.csproj", "{DD28BCDA-BAB0-494D-838F-5818BC5D29EB}"
EndProject
Global
	GlobalSection(SolutionConfigurationPlatforms) = preSolution
		Debug|Any CPU = Debug|Any CPU
		Release|Any CPU = Release|Any CPU
	EndGlobalSection
	GlobalSection(ProjectConfigurationPlatforms) = postSolution
		{77A1F1C6-8252-4739-8E56-CB528896647F}.Debug|Any CPU.ActiveCfg = Debug|Any CPU
		{77A1F1C6-8252-4739-8E56-CB528896647F}.Debug|Any CPU.Build.0 = Debug|Any CPU
		{77A1F1C6-8252-4739-8E56-CB528896647F}.Release|Any CPU.ActiveCfg = Release|Any CPU
		{77A1F1C6-8252-4739-8E56-CB528896647F}.Release|Any CPU.Build.0 = Release|Any CPU
		{DD28BCDA-BAB0-494D-838F-5818BC5D29EB}.Debug|Any CPU.ActiveCfg = Debug|Any CPU
		{DD28BCDA-BAB0-494D-838F-5818BC5D29EB}.Debug|Any CPU.Build.0 = Debug|Any CPU
		{DD28BCDA-BAB0-494D-838F-5818BC5D29EB}.Release|Any CPU.ActiveCfg = Release|Any CPU
		{DD28BCDA-BAB0-494D-838F-5818BC5D29EB}.Release|Any CPU.Build.0 = Release|Any CPU
	EndGlobalSection
	GlobalSection(SolutionProperties) = preSolution
		HideSolutionNode = FALSE
	EndGlobalSection
	GlobalSection(ExtensibilityGlobals) = postSolution
		SolutionGuid = {91F43EBB-1580-4B55-9581-D21F860DE7CC}
	EndGlobalSection
EndGlobal
